
Microsoft Visual Studio Solution File, Format Version 12.00
# Visual Studio Version 16
VisualStudioVersion = 16.0.28315.86
MinimumVisualStudioVersion = 10.0.40219.1
Project("{9A19103F-16F7-4668-BE54-9A1E7A4F7556}") = "MyWpfApp", "MyWpfApp\MyWpfApp.csproj", "{1A1EA721-2569-4256-8990-0BC1B9E0B69B}"
EndProject
Project("{9A19103F-16F7-4668-BE54-9A1E7A4F7556}") = "MyWpfApp.SignalrClient", "MyWpfApp.SignalrClient\MyWpfApp.SignalrClient.csproj", "{6EA96444-91AE-447D-A910-0235BD816551}"
EndProject
Project("{FAE04EC0-301F-11D3-BF4B-00C04F79EFBC}") = "MyWpfApp.Server", "MyWpfApp.Server\MyWpfApp.Server.csproj", "{3E35376F-8E9F-41A7-8240-7A16E002B5F2}"
EndProject
Project("{FAE04EC0-301F-11D3-BF4B-00C04F79EFBC}") = "MyWpfApp.ClientInterface", "MyWpfApp.ClientInterface\MyWpfApp.ClientInterface.csproj", "{7EAA1A48-1D9E-4C6A-B5CB-57AA87F1A43E}"
EndProject
Global
	GlobalSection(SolutionConfigurationPlatforms) = preSolution
		Debug|Any CPU = Debug|Any CPU
		Release|Any CPU = Release|Any CPU
	EndGlobalSection
	GlobalSection(ProjectConfigurationPlatforms) = postSolution
		{1A1EA721-2569-4256-8990-0BC1B9E0B69B}.Debug|Any CPU.ActiveCfg = Debug|Any CPU
		{1A1EA721-2569-4256-8990-0BC1B9E0B69B}.Debug|Any CPU.Build.0 = Debug|Any CPU
		{1A1EA721-2569-4256-8990-0BC1B9E0B69B}.Release|Any CPU.ActiveCfg = Release|Any CPU
		{1A1EA721-2569-4256-8990-0BC1B9E0B69B}.Release|Any CPU.Build.0 = Release|Any CPU
		{6EA96444-91AE-447D-A910-0235BD816551}.Debug|Any CPU.ActiveCfg = Debug|Any CPU
		{6EA96444-91AE-447D-A910-0235BD816551}.Debug|Any CPU.Build.0 = Debug|Any CPU
		{6EA96444-91AE-447D-A910-0235BD816551}.Release|Any CPU.ActiveCfg = Release|Any CPU
		{6EA96444-91AE-447D-A910-0235BD816551}.Release|Any CPU.Build.0 = Release|Any CPU
		{3E35376F-8E9F-41A7-8240-7A16E002B5F2}.Debug|Any CPU.ActiveCfg = Debug|Any CPU
		{3E35376F-8E9F-41A7-8240-7A16E002B5F2}.Debug|Any CPU.Build.0 = Debug|Any CPU
		{3E35376F-8E9F-41A7-8240-7A16E002B5F2}.Release|Any CPU.ActiveCfg = Release|Any CPU
		{3E35376F-8E9F-41A7-8240-7A16E002B5F2}.Release|Any CPU.Build.0 = Release|Any CPU
		{7EAA1A48-1D9E-4C6A-B5CB-57AA87F1A43E}.Debug|Any CPU.ActiveCfg = Debug|Any CPU
		{7EAA1A48-1D9E-4C6A-B5CB-57AA87F1A43E}.Debug|Any CPU.Build.0 = Debug|Any CPU
		{7EAA1A48-1D9E-4C6A-B5CB-57AA87F1A43E}.Release|Any CPU.ActiveCfg = Release|Any CPU
		{7EAA1A48-1D9E-4C6A-B5CB-57AA87F1A43E}.Release|Any CPU.Build.0 = Release|Any CPU
	EndGlobalSection
	GlobalSection(SolutionProperties) = preSolution
		HideSolutionNode = FALSE
	EndGlobalSection
	GlobalSection(ExtensibilityGlobals) = postSolution
		SolutionGuid = {2E17345A-79F4-4071-93E8-964112BC10DE}
	EndGlobalSection
EndGlobal
